
Microsoft Visual Studio Solution File, Format Version 12.00
# Visual Studio Version 16
VisualStudioVersion = 16.0.32413.511
MinimumVisualStudioVersion = 10.0.40219.1
Project("{2150E333-8FDC-42A3-9474-1A3956D46DE8}") = "Services", "Services", "{1BAC199F-80DE-40BC-87EB-6A528889F24B}"
EndProject
Project("{2150E333-8FDC-42A3-9474-1A3956D46DE8}") = "Catalog", "Catalog", "{2BB4DF75-4DD1-4D8F-B4E9-24366FA6E4E8}"
EndProject
Project("{9A19103F-16F7-4668-BE54-9A1E7A4F7556}") = "Catalog.API", "Services\Catalog\Catalog.API\Catalog.API.csproj", "{F1262536-5387-42A2-AB0F-DFA84A14C22F}"
EndProject
Project("{E53339B2-1760-4266-BCC7-CA923CBCF16C}") = "docker-compose", "docker-compose.dcproj", "{848B4A2A-EC8F-48A8-8ABB-6D67B3361FD5}"
EndProject
Project("{2150E333-8FDC-42A3-9474-1A3956D46DE8}") = "Basket", "Basket", "{01ECC32A-5733-4601-8FBB-8FF6A229622B}"
EndProject
Project("{FAE04EC0-301F-11D3-BF4B-00C04F79EFBC}") = "Basket.API", "Services\Basket\Basket.API\Basket.API.csproj", "{490639B5-0111-43AA-9799-E48708EC1596}"
EndProject
Global
	GlobalSection(SolutionConfigurationPlatforms) = preSolution
		Debug|Any CPU = Debug|Any CPU
		Release|Any CPU = Release|Any CPU
	EndGlobalSection
	GlobalSection(ProjectConfigurationPlatforms) = postSolution
		{F1262536-5387-42A2-AB0F-DFA84A14C22F}.Debug|Any CPU.ActiveCfg = Debug|Any CPU
		{F1262536-5387-42A2-AB0F-DFA84A14C22F}.Debug|Any CPU.Build.0 = Debug|Any CPU
		{F1262536-5387-42A2-AB0F-DFA84A14C22F}.Release|Any CPU.ActiveCfg = Release|Any CPU
		{F1262536-5387-42A2-AB0F-DFA84A14C22F}.Release|Any CPU.Build.0 = Release|Any CPU
		{848B4A2A-EC8F-48A8-8ABB-6D67B3361FD5}.Debug|Any CPU.ActiveCfg = Debug|Any CPU
		{848B4A2A-EC8F-48A8-8ABB-6D67B3361FD5}.Debug|Any CPU.Build.0 = Debug|Any CPU
		{848B4A2A-EC8F-48A8-8ABB-6D67B3361FD5}.Release|Any CPU.ActiveCfg = Release|Any CPU
		{848B4A2A-EC8F-48A8-8ABB-6D67B3361FD5}.Release|Any CPU.Build.0 = Release|Any CPU
		{490639B5-0111-43AA-9799-E48708EC1596}.Debug|Any CPU.ActiveCfg = Debug|Any CPU
		{490639B5-0111-43AA-9799-E48708EC1596}.Debug|Any CPU.Build.0 = Debug|Any CPU
		{490639B5-0111-43AA-9799-E48708EC1596}.Release|Any CPU.ActiveCfg = Release|Any CPU
		{490639B5-0111-43AA-9799-E48708EC1596}.Release|Any CPU.Build.0 = Release|Any CPU
	EndGlobalSection
	GlobalSection(SolutionProperties) = preSolution
		HideSolutionNode = FALSE
	EndGlobalSection
	GlobalSection(NestedProjects) = preSolution
		{2BB4DF75-4DD1-4D8F-B4E9-24366FA6E4E8} = {1BAC199F-80DE-40BC-87EB-6A528889F24B}
		{F1262536-5387-42A2-AB0F-DFA84A14C22F} = {2BB4DF75-4DD1-4D8F-B4E9-24366FA6E4E8}
		{01ECC32A-5733-4601-8FBB-8FF6A229622B} = {1BAC199F-80DE-40BC-87EB-6A528889F24B}
		{490639B5-0111-43AA-9799-E48708EC1596} = {01ECC32A-5733-4601-8FBB-8FF6A229622B}
	EndGlobalSection
	GlobalSection(ExtensibilityGlobals) = postSolution
		SolutionGuid = {FB82CEA0-0C1E-4CC8-8947-206077800F1C}
	EndGlobalSection
EndGlobal
